
Microsoft Visual Studio Solution File, Format Version 12.00
# Visual Studio Version 17
VisualStudioVersion = 17.0.31903.59
MinimumVisualStudioVersion = 10.0.40219.1
Project("{2150E333-8FDC-42A3-9474-1A3956D46DE8}") = "src", "src", "{827E0CD3-B72D-47B6-A68D-7590B98EB39B}"
EndProject
Project("{2150E333-8FDC-42A3-9474-1A3956D46DE8}") = "BuildingBlocks", "BuildingBlocks", "{90298CBA-BD6F-3A0A-69D5-97CAD7B05E7E}"
EndProject
Project("{2150E333-8FDC-42A3-9474-1A3956D46DE8}") = "Messaging", "Messaging", "{822C9DB6-3D5F-1EA6-0D4B-B00980B50A9B}"
EndProject
Project("{FAE04EC0-301F-11D3-BF4B-00C04F79EFBC}") = "BuildingBlocks.Messaging", "src\BuildingBlocks\Messaging\BuildingBlocks.Messaging.csproj", "{4FFE05C5-9D5D-4B8C-B38C-1315128BE697}"
EndProject
Project("{2150E333-8FDC-42A3-9474-1A3956D46DE8}") = "Persistence", "Persistence", "{DA0D5D49-821C-4D83-94DC-BBB9E20E9A52}"
EndProject
Project("{FAE04EC0-301F-11D3-BF4B-00C04F79EFBC}") = "BuildingBlocks.Persistence", "src\BuildingBlocks\Persistence\BuildingBlocks.Persistence.csproj", "{5D7A512E-7307-4992-A8D0-09CB87C45B53}"
EndProject
Project("{FAE04EC0-301F-11D3-BF4B-00C04F79EFBC}") = "Contracts", "src\Contracts\Contracts.csproj", "{21148176-D845-455E-B3CF-8DEB5DE2BC9C}"
EndProject
Project("{2150E333-8FDC-42A3-9474-1A3956D46DE8}") = "Services", "Services", "{984BB9B3-3FA3-BE33-9484-CAC21695A33C}"
EndProject
Project("{2150E333-8FDC-42A3-9474-1A3956D46DE8}") = "Orders", "Orders", "{53A5E032-9A5F-5C5F-4C24-3FD98F4CF9B3}"
EndProject
Project("{FAE04EC0-301F-11D3-BF4B-00C04F79EFBC}") = "Services.Orders", "src\Services\Orders\Services.Orders.csproj", "{D29C6A14-CA79-4D36-9FCF-1623C862F81F}"
EndProject
Project("{2150E333-8FDC-42A3-9474-1A3956D46DE8}") = "Inventory", "Inventory", "{CA15E31E-CB60-F235-5CDF-2E527A86A72C}"
EndProject
Project("{FAE04EC0-301F-11D3-BF4B-00C04F79EFBC}") = "Services.Inventory", "src\Services\Inventory\Services.Inventory.csproj", "{FF483DFC-9AB4-42AC-9BE9-64F12D1B7AD6}"
EndProject
Project("{2150E333-8FDC-42A3-9474-1A3956D46DE8}") = "Payments", "Payments", "{5D0AC027-C8EE-3244-A029-36278C99F1B8}"
EndProject
Project("{FAE04EC0-301F-11D3-BF4B-00C04F79EFBC}") = "Services.Payments", "src\Services\Payments\Services.Payments.csproj", "{E099532D-2C09-4523-B0D9-89A9178B2A87}"
EndProject
Project("{2150E333-8FDC-42A3-9474-1A3956D46DE8}") = "tests", "tests", "{0AB3BF05-4346-4AA6-1389-037BE0695223}"
EndProject
Project("{2150E333-8FDC-42A3-9474-1A3956D46DE8}") = "Unit", "Unit", "{9D556B49-86D1-93A7-9596-FFAAB74EC556}"
EndProject
Project("{FAE04EC0-301F-11D3-BF4B-00C04F79EFBC}") = "Tests.Unit", "tests\Unit\Tests.Unit.csproj", "{64E0AFF9-B026-4867-BFC5-1FB062B51E91}"
EndProject
Project("{2150E333-8FDC-42A3-9474-1A3956D46DE8}") = "Integration", "Integration", "{28A6993C-471E-82FE-7D9E-AD3B1EC22BD9}"
EndProject
Project("{FAE04EC0-301F-11D3-BF4B-00C04F79EFBC}") = "Tests.Integration", "tests\Integration\Tests.Integration.csproj", "{BCD9F084-5D90-47B3-A6A9-C9C947C600E8}"
EndProject
Project("{2150E333-8FDC-42A3-9474-1A3956D46DE8}") = "choreography", "choreography", "{B1973D7B-E141-1584-11A7-3C406BFE791C}"
EndProject
Project("{FAE04EC0-301F-11D3-BF4B-00C04F79EFBC}") = "Choreography", "src\choreography\Choreography\Choreography.csproj", "{40E35F71-43B1-4CA9-A654-361261E2EF7E}"
EndProject
Global
	GlobalSection(SolutionConfigurationPlatforms) = preSolution
		Debug|Any CPU = Debug|Any CPU
		Debug|x64 = Debug|x64
		Debug|x86 = Debug|x86
		Release|Any CPU = Release|Any CPU
		Release|x64 = Release|x64
		Release|x86 = Release|x86
	EndGlobalSection
	GlobalSection(ProjectConfigurationPlatforms) = postSolution
		{4FFE05C5-9D5D-4B8C-B38C-1315128BE697}.Debug|Any CPU.ActiveCfg = Debug|Any CPU
		{4FFE05C5-9D5D-4B8C-B38C-1315128BE697}.Debug|Any CPU.Build.0 = Debug|Any CPU
		{4FFE05C5-9D5D-4B8C-B38C-1315128BE697}.Debug|x64.ActiveCfg = Debug|Any CPU
		{4FFE05C5-9D5D-4B8C-B38C-1315128BE697}.Debug|x64.Build.0 = Debug|Any CPU
		{4FFE05C5-9D5D-4B8C-B38C-1315128BE697}.Debug|x86.ActiveCfg = Debug|Any CPU
		{4FFE05C5-9D5D-4B8C-B38C-1315128BE697}.Debug|x86.Build.0 = Debug|Any CPU
		{4FFE05C5-9D5D-4B8C-B38C-1315128BE697}.Release|Any CPU.ActiveCfg = Release|Any CPU
		{4FFE05C5-9D5D-4B8C-B38C-1315128BE697}.Release|Any CPU.Build.0 = Release|Any CPU
		{4FFE05C5-9D5D-4B8C-B38C-1315128BE697}.Release|x64.ActiveCfg = Release|Any CPU
		{4FFE05C5-9D5D-4B8C-B38C-1315128BE697}.Release|x64.Build.0 = Release|Any CPU
		{4FFE05C5-9D5D-4B8C-B38C-1315128BE697}.Release|x86.ActiveCfg = Release|Any CPU
		{4FFE05C5-9D5D-4B8C-B38C-1315128BE697}.Release|x86.Build.0 = Release|Any CPU
		{5D7A512E-7307-4992-A8D0-09CB87C45B53}.Debug|Any CPU.ActiveCfg = Debug|Any CPU
		{5D7A512E-7307-4992-A8D0-09CB87C45B53}.Debug|Any CPU.Build.0 = Debug|Any CPU
		{5D7A512E-7307-4992-A8D0-09CB87C45B53}.Debug|x64.ActiveCfg = Debug|Any CPU
		{5D7A512E-7307-4992-A8D0-09CB87C45B53}.Debug|x64.Build.0 = Debug|Any CPU
		{5D7A512E-7307-4992-A8D0-09CB87C45B53}.Debug|x86.ActiveCfg = Debug|Any CPU
		{5D7A512E-7307-4992-A8D0-09CB87C45B53}.Debug|x86.Build.0 = Debug|Any CPU
		{5D7A512E-7307-4992-A8D0-09CB87C45B53}.Release|Any CPU.ActiveCfg = Release|Any CPU
		{5D7A512E-7307-4992-A8D0-09CB87C45B53}.Release|Any CPU.Build.0 = Release|Any CPU
		{5D7A512E-7307-4992-A8D0-09CB87C45B53}.Release|x64.ActiveCfg = Release|Any CPU
		{5D7A512E-7307-4992-A8D0-09CB87C45B53}.Release|x64.Build.0 = Release|Any CPU
		{5D7A512E-7307-4992-A8D0-09CB87C45B53}.Release|x86.ActiveCfg = Release|Any CPU
		{5D7A512E-7307-4992-A8D0-09CB87C45B53}.Release|x86.Build.0 = Release|Any CPU
		{21148176-D845-455E-B3CF-8DEB5DE2BC9C}.Debug|Any CPU.ActiveCfg = Debug|Any CPU
		{21148176-D845-455E-B3CF-8DEB5DE2BC9C}.Debug|Any CPU.Build.0 = Debug|Any CPU
		{21148176-D845-455E-B3CF-8DEB5DE2BC9C}.Debug|x64.ActiveCfg = Debug|Any CPU
		{21148176-D845-455E-B3CF-8DEB5DE2BC9C}.Debug|x64.Build.0 = Debug|Any CPU
		{21148176-D845-455E-B3CF-8DEB5DE2BC9C}.Debug|x86.ActiveCfg = Debug|Any CPU
		{21148176-D845-455E-B3CF-8DEB5DE2BC9C}.Debug|x86.Build.0 = Debug|Any CPU
		{21148176-D845-455E-B3CF-8DEB5DE2BC9C}.Release|Any CPU.ActiveCfg = Release|Any CPU
		{21148176-D845-455E-B3CF-8DEB5DE2BC9C}.Release|Any CPU.Build.0 = Release|Any CPU
		{21148176-D845-455E-B3CF-8DEB5DE2BC9C}.Release|x64.ActiveCfg = Release|Any CPU
		{21148176-D845-455E-B3CF-8DEB5DE2BC9C}.Release|x64.Build.0 = Release|Any CPU
		{21148176-D845-455E-B3CF-8DEB5DE2BC9C}.Release|x86.ActiveCfg = Release|Any CPU
		{21148176-D845-455E-B3CF-8DEB5DE2BC9C}.Release|x86.Build.0 = Release|Any CPU
		{D29C6A14-CA79-4D36-9FCF-1623C862F81F}.Debug|Any CPU.ActiveCfg = Debug|Any CPU
		{D29C6A14-CA79-4D36-9FCF-1623C862F81F}.Debug|Any CPU.Build.0 = Debug|Any CPU
		{D29C6A14-CA79-4D36-9FCF-1623C862F81F}.Debug|x64.ActiveCfg = Debug|Any CPU
		{D29C6A14-CA79-4D36-9FCF-1623C862F81F}.Debug|x64.Build.0 = Debug|Any CPU
		{D29C6A14-CA79-4D36-9FCF-1623C862F81F}.Debug|x86.ActiveCfg = Debug|Any CPU
		{D29C6A14-CA79-4D36-9FCF-1623C862F81F}.Debug|x86.Build.0 = Debug|Any CPU
		{D29C6A14-CA79-4D36-9FCF-1623C862F81F}.Release|Any CPU.ActiveCfg = Release|Any CPU
		{D29C6A14-CA79-4D36-9FCF-1623C862F81F}.Release|Any CPU.Build.0 = Release|Any CPU
		{D29C6A14-CA79-4D36-9FCF-1623C862F81F}.Release|x64.ActiveCfg = Release|Any CPU
		{D29C6A14-CA79-4D36-9FCF-1623C862F81F}.Release|x64.Build.0 = Release|Any CPU
		{D29C6A14-CA79-4D36-9FCF-1623C862F81F}.Release|x86.ActiveCfg = Release|Any CPU
		{D29C6A14-CA79-4D36-9FCF-1623C862F81F}.Release|x86.Build.0 = Release|Any CPU
		{FF483DFC-9AB4-42AC-9BE9-64F12D1B7AD6}.Debug|Any CPU.ActiveCfg = Debug|Any CPU
		{FF483DFC-9AB4-42AC-9BE9-64F12D1B7AD6}.Debug|Any CPU.Build.0 = Debug|Any CPU
		{FF483DFC-9AB4-42AC-9BE9-64F12D1B7AD6}.Debug|x64.ActiveCfg = Debug|Any CPU
		{FF483DFC-9AB4-42AC-9BE9-64F12D1B7AD6}.Debug|x64.Build.0 = Debug|Any CPU
		{FF483DFC-9AB4-42AC-9BE9-64F12D1B7AD6}.Debug|x86.ActiveCfg = Debug|Any CPU
		{FF483DFC-9AB4-42AC-9BE9-64F12D1B7AD6}.Debug|x86.Build.0 = Debug|Any CPU
		{FF483DFC-9AB4-42AC-9BE9-64F12D1B7AD6}.Release|Any CPU.ActiveCfg = Release|Any CPU
		{FF483DFC-9AB4-42AC-9BE9-64F12D1B7AD6}.Release|Any CPU.Build.0 = Release|Any CPU
		{FF483DFC-9AB4-42AC-9BE9-64F12D1B7AD6}.Release|x64.ActiveCfg = Release|Any CPU
		{FF483DFC-9AB4-42AC-9BE9-64F12D1B7AD6}.Release|x64.Build.0 = Release|Any CPU
		{FF483DFC-9AB4-42AC-9BE9-64F12D1B7AD6}.Release|x86.ActiveCfg = Release|Any CPU
		{FF483DFC-9AB4-42AC-9BE9-64F12D1B7AD6}.Release|x86.Build.0 = Release|Any CPU
		{E099532D-2C09-4523-B0D9-89A9178B2A87}.Debug|Any CPU.ActiveCfg = Debug|Any CPU
		{E099532D-2C09-4523-B0D9-89A9178B2A87}.Debug|Any CPU.Build.0 = Debug|Any CPU
		{E099532D-2C09-4523-B0D9-89A9178B2A87}.Debug|x64.ActiveCfg = Debug|Any CPU
		{E099532D-2C09-4523-B0D9-89A9178B2A87}.Debug|x64.Build.0 = Debug|Any CPU
		{E099532D-2C09-4523-B0D9-89A9178B2A87}.Debug|x86.ActiveCfg = Debug|Any CPU
		{E099532D-2C09-4523-B0D9-89A9178B2A87}.Debug|x86.Build.0 = Debug|Any CPU
		{E099532D-2C09-4523-B0D9-89A9178B2A87}.Release|Any CPU.ActiveCfg = Release|Any CPU
		{E099532D-2C09-4523-B0D9-89A9178B2A87}.Release|Any CPU.Build.0 = Release|Any CPU
		{E099532D-2C09-4523-B0D9-89A9178B2A87}.Release|x64.ActiveCfg = Release|Any CPU
		{E099532D-2C09-4523-B0D9-89A9178B2A87}.Release|x64.Build.0 = Release|Any CPU
		{E099532D-2C09-4523-B0D9-89A9178B2A87}.Release|x86.ActiveCfg = Release|Any CPU
		{E099532D-2C09-4523-B0D9-89A9178B2A87}.Release|x86.Build.0 = Release|Any CPU
		{64E0AFF9-B026-4867-BFC5-1FB062B51E91}.Debug|Any CPU.ActiveCfg = Debug|Any CPU
		{64E0AFF9-B026-4867-BFC5-1FB062B51E91}.Debug|Any CPU.Build.0 = Debug|Any CPU
		{64E0AFF9-B026-4867-BFC5-1FB062B51E91}.Debug|x64.ActiveCfg = Debug|Any CPU
		{64E0AFF9-B026-4867-BFC5-1FB062B51E91}.Debug|x64.Build.0 = Debug|Any CPU
		{64E0AFF9-B026-4867-BFC5-1FB062B51E91}.Debug|x86.ActiveCfg = Debug|Any CPU
		{64E0AFF9-B026-4867-BFC5-1FB062B51E91}.Debug|x86.Build.0 = Debug|Any CPU
		{64E0AFF9-B026-4867-BFC5-1FB062B51E91}.Release|Any CPU.ActiveCfg = Release|Any CPU
		{64E0AFF9-B026-4867-BFC5-1FB062B51E91}.Release|Any CPU.Build.0 = Release|Any CPU
		{64E0AFF9-B026-4867-BFC5-1FB062B51E91}.Release|x64.ActiveCfg = Release|Any CPU
		{64E0AFF9-B026-4867-BFC5-1FB062B51E91}.Release|x64.Build.0 = Release|Any CPU
		{64E0AFF9-B026-4867-BFC5-1FB062B51E91}.Release|x86.ActiveCfg = Release|Any CPU
		{64E0AFF9-B026-4867-BFC5-1FB062B51E91}.Release|x86.Build.0 = Release|Any CPU
		{BCD9F084-5D90-47B3-A6A9-C9C947C600E8}.Debug|Any CPU.ActiveCfg = Debug|Any CPU
		{BCD9F084-5D90-47B3-A6A9-C9C947C600E8}.Debug|Any CPU.Build.0 = Debug|Any CPU
		{BCD9F084-5D90-47B3-A6A9-C9C947C600E8}.Debug|x64.ActiveCfg = Debug|Any CPU
		{BCD9F084-5D90-47B3-A6A9-C9C947C600E8}.Debug|x64.Build.0 = Debug|Any CPU
		{BCD9F084-5D90-47B3-A6A9-C9C947C600E8}.Debug|x86.ActiveCfg = Debug|Any CPU
		{BCD9F084-5D90-47B3-A6A9-C9C947C600E8}.Debug|x86.Build.0 = Debug|Any CPU
		{BCD9F084-5D90-47B3-A6A9-C9C947C600E8}.Release|Any CPU.ActiveCfg = Release|Any CPU
		{BCD9F084-5D90-47B3-A6A9-C9C947C600E8}.Release|Any CPU.Build.0 = Release|Any CPU
		{BCD9F084-5D90-47B3-A6A9-C9C947C600E8}.Release|x64.ActiveCfg = Release|Any CPU
		{BCD9F084-5D90-47B3-A6A9-C9C947C600E8}.Release|x64.Build.0 = Release|Any CPU
		{BCD9F084-5D90-47B3-A6A9-C9C947C600E8}.Release|x86.ActiveCfg = Release|Any CPU
		{BCD9F084-5D90-47B3-A6A9-C9C947C600E8}.Release|x86.Build.0 = Release|Any CPU
		{40E35F71-43B1-4CA9-A654-361261E2EF7E}.Debug|Any CPU.ActiveCfg = Debug|Any CPU
		{40E35F71-43B1-4CA9-A654-361261E2EF7E}.Debug|Any CPU.Build.0 = Debug|Any CPU
		{40E35F71-43B1-4CA9-A654-361261E2EF7E}.Debug|x64.ActiveCfg = Debug|Any CPU
		{40E35F71-43B1-4CA9-A654-361261E2EF7E}.Debug|x64.Build.0 = Debug|Any CPU
		{40E35F71-43B1-4CA9-A654-361261E2EF7E}.Debug|x86.ActiveCfg = Debug|Any CPU
		{40E35F71-43B1-4CA9-A654-361261E2EF7E}.Debug|x86.Build.0 = Debug|Any CPU
		{40E35F71-43B1-4CA9-A654-361261E2EF7E}.Release|Any CPU.ActiveCfg = Release|Any CPU
		{40E35F71-43B1-4CA9-A654-361261E2EF7E}.Release|Any CPU.Build.0 = Release|Any CPU
		{40E35F71-43B1-4CA9-A654-361261E2EF7E}.Release|x64.ActiveCfg = Release|Any CPU
		{40E35F71-43B1-4CA9-A654-361261E2EF7E}.Release|x64.Build.0 = Release|Any CPU
		{40E35F71-43B1-4CA9-A654-361261E2EF7E}.Release|x86.ActiveCfg = Release|Any CPU
		{40E35F71-43B1-4CA9-A654-361261E2EF7E}.Release|x86.Build.0 = Release|Any CPU
	EndGlobalSection
	GlobalSection(SolutionProperties) = preSolution
		HideSolutionNode = FALSE
	EndGlobalSection
	GlobalSection(NestedProjects) = preSolution
		{90298CBA-BD6F-3A0A-69D5-97CAD7B05E7E} = {827E0CD3-B72D-47B6-A68D-7590B98EB39B}
		{822C9DB6-3D5F-1EA6-0D4B-B00980B50A9B} = {90298CBA-BD6F-3A0A-69D5-97CAD7B05E7E}
		{4FFE05C5-9D5D-4B8C-B38C-1315128BE697} = {822C9DB6-3D5F-1EA6-0D4B-B00980B50A9B}
		{DA0D5D49-821C-4D83-94DC-BBB9E20E9A52} = {90298CBA-BD6F-3A0A-69D5-97CAD7B05E7E}
		{5D7A512E-7307-4992-A8D0-09CB87C45B53} = {DA0D5D49-821C-4D83-94DC-BBB9E20E9A52}
		{21148176-D845-455E-B3CF-8DEB5DE2BC9C} = {827E0CD3-B72D-47B6-A68D-7590B98EB39B}
		{984BB9B3-3FA3-BE33-9484-CAC21695A33C} = {827E0CD3-B72D-47B6-A68D-7590B98EB39B}
		{53A5E032-9A5F-5C5F-4C24-3FD98F4CF9B3} = {984BB9B3-3FA3-BE33-9484-CAC21695A33C}
		{D29C6A14-CA79-4D36-9FCF-1623C862F81F} = {53A5E032-9A5F-5C5F-4C24-3FD98F4CF9B3}
		{CA15E31E-CB60-F235-5CDF-2E527A86A72C} = {984BB9B3-3FA3-BE33-9484-CAC21695A33C}
		{FF483DFC-9AB4-42AC-9BE9-64F12D1B7AD6} = {CA15E31E-CB60-F235-5CDF-2E527A86A72C}
		{5D0AC027-C8EE-3244-A029-36278C99F1B8} = {984BB9B3-3FA3-BE33-9484-CAC21695A33C}
		{E099532D-2C09-4523-B0D9-89A9178B2A87} = {5D0AC027-C8EE-3244-A029-36278C99F1B8}
		{9D556B49-86D1-93A7-9596-FFAAB74EC556} = {0AB3BF05-4346-4AA6-1389-037BE0695223}
		{64E0AFF9-B026-4867-BFC5-1FB062B51E91} = {9D556B49-86D1-93A7-9596-FFAAB74EC556}
		{28A6993C-471E-82FE-7D9E-AD3B1EC22BD9} = {0AB3BF05-4346-4AA6-1389-037BE0695223}
		{BCD9F084-5D90-47B3-A6A9-C9C947C600E8} = {28A6993C-471E-82FE-7D9E-AD3B1EC22BD9}
		{B1973D7B-E141-1584-11A7-3C406BFE791C} = {827E0CD3-B72D-47B6-A68D-7590B98EB39B}
		{40E35F71-43B1-4CA9-A654-361261E2EF7E} = {B1973D7B-E141-1584-11A7-3C406BFE791C}
	EndGlobalSection
EndGlobal
